
Microsoft Visual Studio Solution File, Format Version 12.00
# Visual Studio Version 17
VisualStudioVersion = 17.11.35222.181
MinimumVisualStudioVersion = 10.0.40219.1
Project("{FAE04EC0-301F-11D3-BF4B-00C04F79EFBC}") = "RiskEvaluating(WinForms)", "RiskEvaluating(WinForms)\RiskEvaluating(WinForms).csproj", "{46399296-9908-4E91-BDBF-FDB6B981FA5E}"
EndProject
Global
	GlobalSection(SolutionConfigurationPlatforms) = preSolution
		Debug|Any CPU = Debug|Any CPU
		Release|Any CPU = Release|Any CPU
	EndGlobalSection
	GlobalSection(ProjectConfigurationPlatforms) = postSolution
		{46399296-9908-4E91-BDBF-FDB6B981FA5E}.Debug|Any CPU.ActiveCfg = Debug|Any CPU
		{46399296-9908-4E91-BDBF-FDB6B981FA5E}.Debug|Any CPU.Build.0 = Debug|Any CPU
		{46399296-9908-4E91-BDBF-FDB6B981FA5E}.Release|Any CPU.ActiveCfg = Release|Any CPU
		{46399296-9908-4E91-BDBF-FDB6B981FA5E}.Release|Any CPU.Build.0 = Release|Any CPU
	EndGlobalSection
	GlobalSection(SolutionProperties) = preSolution
		HideSolutionNode = FALSE
	EndGlobalSection
	GlobalSection(ExtensibilityGlobals) = postSolution
		SolutionGuid = {9E24B37E-B76A-4666-B893-835AF1978F1A}
	EndGlobalSection
EndGlobal
